
Microsoft Visual Studio Solution File, Format Version 12.00
# Visual Studio Version 17
VisualStudioVersion = 17.7.34221.43
MinimumVisualStudioVersion = 10.0.40219.1
Project("{9A19103F-16F7-4668-BE54-9A1E7A4F7556}") = "projekt", "ConsoleApp2\projekt.csproj", "{7788F69D-7668-4C9A-BFE6-90CEAE9F644B}"
EndProject
Global
	GlobalSection(SolutionConfigurationPlatforms) = preSolution
		Debug|Any CPU = Debug|Any CPU
		Release|Any CPU = Release|Any CPU
	EndGlobalSection
	GlobalSection(ProjectConfigurationPlatforms) = postSolution
		{7788F69D-7668-4C9A-BFE6-90CEAE9F644B}.Debug|Any CPU.ActiveCfg = Debug|Any CPU
		{7788F69D-7668-4C9A-BFE6-90CEAE9F644B}.Debug|Any CPU.Build.0 = Debug|Any CPU
		{7788F69D-7668-4C9A-BFE6-90CEAE9F644B}.Release|Any CPU.ActiveCfg = Release|Any CPU
		{7788F69D-7668-4C9A-BFE6-90CEAE9F644B}.Release|Any CPU.Build.0 = Release|Any CPU
	EndGlobalSection
	GlobalSection(SolutionProperties) = preSolution
		HideSolutionNode = FALSE
	EndGlobalSection
	GlobalSection(ExtensibilityGlobals) = postSolution
		SolutionGuid = {B3F8A923-D627-48A4-BB4C-E15944FABB45}
	EndGlobalSection
EndGlobal
